github.com/Matir/hugo-theme-hello-hacker v0.0.0-20260207224343-bb42c223cdf3 h1:iR/VDhdi/E8yL1dpCIHZ2HfMwJfCK12kgODFCGHxYYA=
github.com/Matir/hugo-theme-hello-hacker v0.0.0-20260207224343-bb42c223cdf3/go.mod h1:DEBQ90P+gewbaI10V0bqDL/ez3H+YOiW8SQR64+qlvI=
github.com/Matir/hugo-theme-hello-hacker v0.0.0-20260207230653-a64ce84d9f59 h1:cieFF0jjC58m9eM0sDLzLGGE47vQ9RHlHFqdAENqqNY=
github.com/Matir/hugo-theme-hello-hacker v0.0.0-20260207230653-a64ce84d9f59/go.mod h1:DEBQ90P+gewbaI10V0bqDL/ez3H+YOiW8SQR64+qlvI=
github.com/Matir/hugo-theme-hello-hacker v0.0.0-20260208030855-8533409e28fe h1:iCGXh/N1navP6KF3HI0mB66khlVq3YYORNpwuXnNleY=
github.com/Matir/hugo-theme-hello-hacker v0.0.0-20260208030855-8533409e28fe/go.mod h1:DEBQ90P+gewbaI10V0bqDL/ez3H+YOiW8SQR64+qlvI=
github.com/Matir/hugo-theme-hello-hacker v0.0.0-20260209222542-cb34c2e99290 h1:2mcVkGh3P2hwivljFazMXZmktw6IhCUiLXkTql8Wogc=
github.com/Matir/hugo-theme-hello-hacker v0.0.0-20260209222542-cb34c2e99290/go.mod h1:DEBQ90P+gewbaI10V0bqDL/ez3H+YOiW8SQR64+qlvI=
github.com/Matir/hugo-theme-hello-hacker v0.0.0-20260209223706-53a29cc6b16b h1:5KTTpyawQQbvX3pJiUclgsPQb+K/IwZkYBlq0cQ+a2Q=
github.com/Matir/hugo-theme-hello-hacker v0.0.0-20260209223706-53a29cc6b16b/go.mod h1:DEBQ90P+gewbaI10V0bqDL/ez3H+YOiW8SQR64+qlvI=
